// !$*UTF8*$!
{
	archiveVersion = 1;
	classes = {
	};
	objectVersion = 55;
	objects = {

/* Begin PBXBuildFile section */
		800CF63563A0C991087D0A7D /* Pods_NCMusicTests.framework in Frameworks */ = {isa = PBXBuildFile; fileRef = 3DD4CFF48C356EFBEADE639F /* Pods_NCMusicTests.framework */; };
		8A27EADA7DD9B8D13825013C /* Pods_NCMusic.framework in Frameworks */ = {isa = PBXBuildFile; fileRef = 14A4B666645A039C2E26CFCA /* Pods_NCMusic.framework */; };
		AF137D052A6E7912006EF9D6 /* MENWPathMonitor.swift in Sources */ = {isa = PBXBuildFile; fileRef = AF137D042A6E7912006EF9D6 /* MENWPathMonitor.swift */; };
		AF138E9228AB9EF300DFBE79 /* AppDelegate.swift in Sources */ = {isa = PBXBuildFile; fileRef = AF138E9128AB9EF300DFBE79 /* AppDelegate.swift */; };
		AF138E9428AB9EF300DFBE79 /* SceneDelegate.swift in Sources */ = {isa = PBXBuildFile; fileRef = AF138E9328AB9EF300DFBE79 /* SceneDelegate.swift */; };
		AF138E9628AB9EF300DFBE79 /* ViewController.swift in Sources */ = {isa = PBXBuildFile; fileRef = AF138E9528AB9EF300DFBE79 /* ViewController.swift */; };
		AF138E9928AB9EF300DFBE79 /* Main.storyboard in Resources */ = {isa = PBXBuildFile; fileRef = AF138E9728AB9EF300DFBE79 /* Main.storyboard */; };
		AF138E9B28AB9EF400DFBE79 /* Assets.xcassets in Resources */ = {isa = PBXBuildFile; fileRef = AF138E9A28AB9EF400DFBE79 /* Assets.xcassets */; };
		AF138E9E28AB9EF400DFBE79 /* LaunchScreen.storyboard in Resources */ = {isa = PBXBuildFile; fileRef = AF138E9C28AB9EF400DFBE79 /* LaunchScreen.storyboard */; };
		AF138EA928AB9EF400DFBE79 /* NCMusicTests.swift in Sources */ = {isa = PBXBuildFile; fileRef = AF138EA828AB9EF400DFBE79 /* NCMusicTests.swift */; };
		AF138EB328AB9EF500DFBE79 /* NCMusicUITests.swift in Sources */ = {isa = PBXBuildFile; fileRef = AF138EB228AB9EF500DFBE79 /* NCMusicUITests.swift */; };
		AF138EB528AB9EF500DFBE79 /* NCMusicUITestsLaunchTests.swift in Sources */ = {isa = PBXBuildFile; fileRef = AF138EB428AB9EF500DFBE79 /* NCMusicUITestsLaunchTests.swift */; };
		AF24DEA528E69B49008759F9 /* NCBaseModel.swift in Sources */ = {isa = PBXBuildFile; fileRef = AF24DEA428E69B49008759F9 /* NCBaseModel.swift */; };
		AF24DEA928E69D7E008759F9 /* NCHomepageViewController.swift in Sources */ = {isa = PBXBuildFile; fileRef = AF24DEA828E69D7E008759F9 /* NCHomepageViewController.swift */; };
		AF48E40D29D41FAE0082B911 /* NCWebviewController.swift in Sources */ = {isa = PBXBuildFile; fileRef = AF48E40C29D41FAE0082B911 /* NCWebviewController.swift */; };
		AF4F5F0E28DABFA00062CE3A /* NCNavigationController.swift in Sources */ = {isa = PBXBuildFile; fileRef = AF4F5F0D28DABFA00062CE3A /* NCNavigationController.swift */; };
		AF4F5F1128DC075E0062CE3A /* NCHomepageModel.swift in Sources */ = {isa = PBXBuildFile; fileRef = AF4F5F1028DC075E0062CE3A /* NCHomepageModel.swift */; };
		AF86A84029505E43001B8C2E /* NCImageExtension.swift in Sources */ = {isa = PBXBuildFile; fileRef = AF86A83F29505E43001B8C2E /* NCImageExtension.swift */; };
		AF86A8422950650A001B8C2E /* res.bundle in Resources */ = {isa = PBXBuildFile; fileRef = AF86A8412950650A001B8C2E /* res.bundle */; };
		AF940DA429DAF145006358BA /* NCSideMenuViewController.swift in Sources */ = {isa = PBXBuildFile; fileRef = AF940DA329DAF145006358BA /* NCSideMenuViewController.swift */; };
		AFAB5B652913DFF700096EBF /* CarouselCell.swift in Sources */ = {isa = PBXBuildFile; fileRef = AFAB5B642913DFF700096EBF /* CarouselCell.swift */; };
		AFAB5B672913E02E00096EBF /* CarouselView.swift in Sources */ = {isa = PBXBuildFile; fileRef = AFAB5B662913E02E00096EBF /* CarouselView.swift */; };
		AFAB5B6B2914BDDF00096EBF /* NCUtilities.swift in Sources */ = {isa = PBXBuildFile; fileRef = AFAB5B6A2914BDDE00096EBF /* NCUtilities.swift */; };
		AFAB5B72291BB8F600096EBF /* NCBannerCell.swift in Sources */ = {isa = PBXBuildFile; fileRef = AFAB5B71291BB8F600096EBF /* NCBannerCell.swift */; };
		AFAB5B74291CA5CA00096EBF /* NCSelectedAlbumCell.swift in Sources */ = {isa = PBXBuildFile; fileRef = AFAB5B73291CA5CA00096EBF /* NCSelectedAlbumCell.swift */; };
		AFAB5B76291E25F900096EBF /* NCSectionHeaderView.swift in Sources */ = {isa = PBXBuildFile; fileRef = AFAB5B75291E25F900096EBF /* NCSectionHeaderView.swift */; };
		AFAB5B78291E319700096EBF /* NCRecommendSongsListCell.swift in Sources */ = {isa = PBXBuildFile; fileRef = AFAB5B77291E319700096EBF /* NCRecommendSongsListCell.swift */; };
		AFB4B79928D881BC0054FA77 /* homepageBlockPage.json in Resources */ = {isa = PBXBuildFile; fileRef = AFB4B79828D881BC0054FA77 /* homepageBlockPage.json */; };
		AFC1045229223D7300B1204B /* NCStyleLayout.swift in Sources */ = {isa = PBXBuildFile; fileRef = AFC1045129223D7300B1204B /* NCStyleLayout.swift */; };
		AFC104542923371800B1204B /* NCHomepageBtnCell.swift in Sources */ = {isa = PBXBuildFile; fileRef = AFC104532923371800B1204B /* NCHomepageBtnCell.swift */; };
		AFC747F4297008590037FEA5 /* NCMusicModel.swift in Sources */ = {isa = PBXBuildFile; fileRef = AFC747F3297008590037FEA5 /* NCMusicModel.swift */; };
		AFC75B4C28C84C17006932EC /* NCBaseViewController.swift in Sources */ = {isa = PBXBuildFile; fileRef = AFC75B4B28C84C17006932EC /* NCBaseViewController.swift */; };
		AFC75B4E28C84C96006932EC /* NCBaseTableViewController.swift in Sources */ = {isa = PBXBuildFile; fileRef = AFC75B4D28C84C96006932EC /* NCBaseTableViewController.swift */; };
		AFC75B5028C84CDB006932EC /* NCBaseTableViewCell.swift in Sources */ = {isa = PBXBuildFile; fileRef = AFC75B4F28C84CDB006932EC /* NCBaseTableViewCell.swift */; };
		AFC75B5328C850EA006932EC /* ReuseIdentifierProviding.swift in Sources */ = {isa = PBXBuildFile; fileRef = AFC75B5228C850EA006932EC /* ReuseIdentifierProviding.swift */; };
		AFC75B6128C88458006932EC /* NCUrlConstsnt.swift in Sources */ = {isa = PBXBuildFile; fileRef = AFC75B6028C88458006932EC /* NCUrlConstsnt.swift */; };
		AFC75B6328C8855B006932EC /* NCNetReqManager.swift in Sources */ = {isa = PBXBuildFile; fileRef = AFC75B6228C8855B006932EC /* NCNetReqManager.swift */; };
		AFC75B6528C88CD2006932EC /* NCNetService.swift in Sources */ = {isa = PBXBuildFile; fileRef = AFC75B6428C88CD2006932EC /* NCNetService.swift */; };
		AFC75B6B28C89695006932EC /* NCJsonData.swift in Sources */ = {isa = PBXBuildFile; fileRef = AFC75B6A28C89695006932EC /* NCJsonData.swift */; };
		AFC75B6D28C8990E006932EC /* recommendRes.json in Resources */ = {isa = PBXBuildFile; fileRef = AFC75B6C28C8990E006932EC /* recommendRes.json */; };
		AFC75B7128C89A4B006932EC /* NCRecommendResViewController.swift in Sources */ = {isa = PBXBuildFile; fileRef = AFC75B7028C89A4B006932EC /* NCRecommendResViewController.swift */; };
		AFC75B7328C89B3B006932EC /* NCBaseCollectionViewController.swift in Sources */ = {isa = PBXBuildFile; fileRef = AFC75B7228C89B3B006932EC /* NCBaseCollectionViewController.swift */; };
		AFC75B7E28C8BA5A006932EC /* NCRecommendResCell.swift in Sources */ = {isa = PBXBuildFile; fileRef = AFC75B7D28C8BA5A006932EC /* NCRecommendResCell.swift */; };
		AFC75B8128C8BA82006932EC /* NCRecommendResModel.swift in Sources */ = {isa = PBXBuildFile; fileRef = AFC75B8028C8BA82006932EC /* NCRecommendResModel.swift */; };
		AFC75B8528C8BF03006932EC /* NCRecommendSongsViewController.swift in Sources */ = {isa = PBXBuildFile; fileRef = AFC75B8428C8BF03006932EC /* NCRecommendSongsViewController.swift */; };
		AFC75B8728C8BF1D006932EC /* NCRecommendSongsModel.swift in Sources */ = {isa = PBXBuildFile; fileRef = AFC75B8628C8BF1D006932EC /* NCRecommendSongsModel.swift */; };
		AFC75B8928C8BF2B006932EC /* NCRecommendSongsCell.swift in Sources */ = {isa = PBXBuildFile; fileRef = AFC75B8828C8BF2B006932EC /* NCRecommendSongsCell.swift */; };
		AFC75B8B28C8BF3E006932EC /* recommendSongs.json in Resources */ = {isa = PBXBuildFile; fileRef = AFC75B8A28C8BF3E006932EC /* recommendSongs.json */; };
		AFC75B8D28D0857F006932EC /* NCStringExtension.swift in Sources */ = {isa = PBXBuildFile; fileRef = AFC75B8C28D0857F006932EC /* NCStringExtension.swift */; };
		AFCFE31128D9A1DB00199F84 /* NCThemeManager.swift in Sources */ = {isa = PBXBuildFile; fileRef = AFCFE31028D9A1DB00199F84 /* NCThemeManager.swift */; };
		AFCFE31328D9A2CD00199F84 /* day.plist in Resources */ = {isa = PBXBuildFile; fileRef = AFCFE31228D9A2CD00199F84 /* day.plist */; };
		AFCFE31528D9A2D700199F84 /* night.plist in Resources */ = {isa = PBXBuildFile; fileRef = AFCFE31428D9A2D700199F84 /* night.plist */; };
		AFCFE31828D9ADD100199F84 /* NCSettingViewController.swift in Sources */ = {isa = PBXBuildFile; fileRef = AFCFE31728D9ADD100199F84 /* NCSettingViewController.swift */; };
		AFCFE31B28D9AFA300199F84 /* NCSettingSwitchCell.swift in Sources */ = {isa = PBXBuildFile; fileRef = AFCFE31A28D9AFA300199F84 /* NCSettingSwitchCell.swift */; };
		AFCFE31E28D9BE2C00199F84 /* NCTabbarController.swift in Sources */ = {isa = PBXBuildFile; fileRef = AFCFE31D28D9BE2C00199F84 /* NCTabbarController.swift */; };
		AFDA7A97293A0E660000D20A /* NCRcmdLiveCell.swift in Sources */ = {isa = PBXBuildFile; fileRef = AFDA7A96293A0E660000D20A /* NCRcmdLiveCell.swift */; };
		AFDAA3C529482892000A61CC /* 039655.mp3 in Resources */ = {isa = PBXBuildFile; fileRef = AFDAA3C429482892000A61CC /* 039655.mp3 */; };
		AFDAA42129482C01000A61CC /* NCAudioPlayer.swift in Sources */ = {isa = PBXBuildFile; fileRef = AFDAA42029482C01000A61CC /* NCAudioPlayer.swift */; };
		AFDCBA4D2930A8B9008C6C58 /* NCPlayerController.swift in Sources */ = {isa = PBXBuildFile; fileRef = AFDCBA4C2930A8B9008C6C58 /* NCPlayerController.swift */; };
		C537938A08B70FEDAF2C4A07 /* Pods_NCMusic_NCMusicUITests.framework in Frameworks */ = {isa = PBXBuildFile; fileRef = 1D46ED4C9B906150BF59F619 /* Pods_NCMusic_NCMusicUITests.framework */; };
/* End PBXBuildFile section */

/* Begin PBXContainerItemProxy section */
		AF138EA528AB9EF400DFBE79 /* PBXContainerItemProxy */ = {
			isa = PBXContainerItemProxy;
			containerPortal = AF138E8628AB9EF300DFBE79 /* Project object */;
			proxyType = 1;
			remoteGlobalIDString = AF138E8D28AB9EF300DFBE79;
			remoteInfo = NCMusic;
		};
		AF138EAF28AB9EF500DFBE79 /* PBXContainerItemProxy */ = {
			isa = PBXContainerItemProxy;
			containerPortal = AF138E8628AB9EF300DFBE79 /* Project object */;
			proxyType = 1;
			remoteGlobalIDString = AF138E8D28AB9EF300DFBE79;
			remoteInfo = NCMusic;
		};
/* End PBXContainerItemProxy section */

/* Begin PBXCopyFilesBuildPhase section */
		AFC75B5828C88132006932EC /* Embed Frameworks */ = {
			isa = PBXCopyFilesBuildPhase;
			buildActionMask = 2147483647;
			dstPath = "";
			dstSubfolderSpec = 10;
			files = (
			);
			name = "Embed Frameworks";
			runOnlyForDeploymentPostprocessing = 0;
		};
/* End PBXCopyFilesBuildPhase section */

/* Begin PBXFileReference section */
		14A4B666645A039C2E26CFCA /* Pods_NCMusic.framework */ = {isa = PBXFileReference; explicitFileType = wrapper.framework; includeInIndex = 0; path = Pods_NCMusic.framework; sourceTree = BUILT_PRODUCTS_DIR; };
		1D46ED4C9B906150BF59F619 /* Pods_NCMusic_NCMusicUITests.framework */ = {isa = PBXFileReference; explicitFileType = wrapper.framework; includeInIndex = 0; path = Pods_NCMusic_NCMusicUITests.framework; sourceTree = BUILT_PRODUCTS_DIR; };
		2107C99C14C7A538BCCCED6D /* Pods-NCMusic-NCMusicUITests.release.xcconfig */ = {isa = PBXFileReference; includeInIndex = 1; lastKnownFileType = text.xcconfig; name = "Pods-NCMusic-NCMusicUITests.release.xcconfig"; path = "Target Support Files/Pods-NCMusic-NCMusicUITests/Pods-NCMusic-NCMusicUITests.release.xcconfig"; sourceTree = "<group>"; };
		3DD4CFF48C356EFBEADE639F /* Pods_NCMusicTests.framework */ = {isa = PBXFileReference; explicitFileType = wrapper.framework; includeInIndex = 0; path = Pods_NCMusicTests.framework; sourceTree = BUILT_PRODUCTS_DIR; };
		3F9E5D54C38FAE2CB347F369 /* Pods-NCMusic.debug.xcconfig */ = {isa = PBXFileReference; includeInIndex = 1; lastKnownFileType = text.xcconfig; name = "Pods-NCMusic.debug.xcconfig"; path = "Target Support Files/Pods-NCMusic/Pods-NCMusic.debug.xcconfig"; sourceTree = "<group>"; };
		44D53EEFBD7F5E898ADD1257 /* Pods-NCMusicTests.debug.xcconfig */ = {isa = PBXFileReference; includeInIndex = 1; lastKnownFileType = text.xcconfig; name = "Pods-NCMusicTests.debug.xcconfig"; path = "Target Support Files/Pods-NCMusicTests/Pods-NCMusicTests.debug.xcconfig"; sourceTree = "<group>"; };
		4B12ECCCC08893E0CF586582 /* Pods-NCMusic.release.xcconfig */ = {isa = PBXFileReference; includeInIndex = 1; lastKnownFileType = text.xcconfig; name = "Pods-NCMusic.release.xcconfig"; path = "Target Support Files/Pods-NCMusic/Pods-NCMusic.release.xcconfig"; sourceTree = "<group>"; };
		A923F09D3824E43DBF27DC04 /* Pods-NCMusic-NCMusicUITests.debug.xcconfig */ = {isa = PBXFileReference; includeInIndex = 1; lastKnownFileType = text.xcconfig; name = "Pods-NCMusic-NCMusicUITests.debug.xcconfig"; path = "Target Support Files/Pods-NCMusic-NCMusicUITests/Pods-NCMusic-NCMusicUITests.debug.xcconfig"; sourceTree = "<group>"; };
		AAFEDF94ED776541B851D6B2 /* Pods-NCMusicTests.release.xcconfig */ = {isa = PBXFileReference; includeInIndex = 1; lastKnownFileType = text.xcconfig; name = "Pods-NCMusicTests.release.xcconfig"; path = "Target Support Files/Pods-NCMusicTests/Pods-NCMusicTests.release.xcconfig"; sourceTree = "<group>"; };
		AF137D042A6E7912006EF9D6 /* MENWPathMonitor.swift */ = {isa = PBXFileReference; lastKnownFileType = sourcecode.swift; path = MENWPathMonitor.swift; sourceTree = "<group>"; };
		AF138E8E28AB9EF300DFBE79 /* NCMusic.app */ = {isa = PBXFileReference; explicitFileType = wrapper.application; includeInIndex = 0; path = NCMusic.app; sourceTree = BUILT_PRODUCTS_DIR; };
		AF138E9128AB9EF300DFBE79 /* AppDelegate.swift */ = {isa = PBXFileReference; lastKnownFileType = sourcecode.swift; path = AppDelegate.swift; sourceTree = "<group>"; };
		AF138E9328AB9EF300DFBE79 /* SceneDelegate.swift */ = {isa = PBXFileReference; lastKnownFileType = sourcecode.swift; path = SceneDelegate.swift; sourceTree = "<group>"; };
		AF138E9528AB9EF300DFBE79 /* ViewController.swift */ = {isa = PBXFileReference; lastKnownFileType = sourcecode.swift; path = ViewController.swift; sourceTree = "<group>"; };
		AF138E9828AB9EF300DFBE79 /* Base */ = {isa = PBXFileReference; lastKnownFileType = file.storyboard; name = Base; path = Base.lproj/Main.storyboard; sourceTree = "<group>"; };
		AF138E9A28AB9EF400DFBE79 /* Assets.xcassets */ = {isa = PBXFileReference; lastKnownFileType = folder.assetcatalog; path = Assets.xcassets; sourceTree = "<group>"; };
		AF138E9D28AB9EF400DFBE79 /* Base */ = {isa = PBXFileReference; lastKnownFileType = file.storyboard; name = Base; path = Base.lproj/LaunchScreen.storyboard; sourceTree = "<group>"; };
		AF138E9F28AB9EF400DFBE79 /* Info.plist */ = {isa = PBXFileReference; lastKnownFileType = text.plist.xml; path = Info.plist; sourceTree = "<group>"; };
		AF138EA428AB9EF400DFBE79 /* NCMusicTests.xctest */ = {isa = PBXFileReference; explicitFileType = wrapper.cfbundle; includeInIndex = 0; path = NCMusicTests.xctest; sourceTree = BUILT_PRODUCTS_DIR; };
		AF138EA828AB9EF400DFBE79 /* NCMusicTests.swift */ = {isa = PBXFileReference; lastKnownFileType = sourcecode.swift; path = NCMusicTests.swift; sourceTree = "<group>"; };
		AF138EAE28AB9EF500DFBE79 /* NCMusicUITests.xctest */ = {isa = PBXFileReference; explicitFileType = wrapper.cfbundle; includeInIndex = 0; path = NCMusicUITests.xctest; sourceTree = BUILT_PRODUCTS_DIR; };
		AF138EB228AB9EF500DFBE79 /* NCMusicUITests.swift */ = {isa = PBXFileReference; lastKnownFileType = sourcecode.swift; path = NCMusicUITests.swift; sourceTree = "<group>"; };
		AF138EB428AB9EF500DFBE79 /* NCMusicUITestsLaunchTests.swift */ = {isa = PBXFileReference; lastKnownFileType = sourcecode.swift; path = NCMusicUITestsLaunchTests.swift; sourceTree = "<group>"; };
		AF24DEA428E69B49008759F9 /* NCBaseModel.swift */ = {isa = PBXFileReference; lastKnownFileType = sourcecode.swift; path = NCBaseModel.swift; sourceTree = "<group>"; };
		AF24DEA828E69D7E008759F9 /* NCHomepageViewController.swift */ = {isa = PBXFileReference; lastKnownFileType = sourcecode.swift; path = NCHomepageViewController.swift; sourceTree = "<group>"; };
		AF48E40C29D41FAE0082B911 /* NCWebviewController.swift */ = {isa = PBXFileReference; lastKnownFileType = sourcecode.swift; path = NCWebviewController.swift; sourceTree = "<group>"; };
		AF4F5F0D28DABFA00062CE3A /* NCNavigationController.swift */ = {isa = PBXFileReference; lastKnownFileType = sourcecode.swift; path = NCNavigationController.swift; sourceTree = "<group>"; };
		AF4F5F1028DC075E0062CE3A /* NCHomepageModel.swift */ = {isa = PBXFileReference; lastKnownFileType = sourcecode.swift; path = NCHomepageModel.swift; sourceTree = "<group>"; };
		AF86A83F29505E43001B8C2E /* NCImageExtension.swift */ = {isa = PBXFileReference; lastKnownFileType = sourcecode.swift; path = NCImageExtension.swift; sourceTree = "<group>"; };
		AF86A8412950650A001B8C2E /* res.bundle */ = {isa = PBXFileReference; lastKnownFileType = "wrapper.plug-in"; path = res.bundle; sourceTree = "<group>"; };
		AF940DA329DAF145006358BA /* NCSideMenuViewController.swift */ = {isa = PBXFileReference; lastKnownFileType = sourcecode.swift; path = NCSideMenuViewController.swift; sourceTree = "<group>"; };
		AFAB5B642913DFF700096EBF /* CarouselCell.swift */ = {isa = PBXFileReference; lastKnownFileType = sourcecode.swift; path = CarouselCell.swift; sourceTree = "<group>"; };
		AFAB5B662913E02E00096EBF /* CarouselView.swift */ = {isa = PBXFileReference; lastKnownFileType = sourcecode.swift; path = CarouselView.swift; sourceTree = "<group>"; };
		AFAB5B6A2914BDDE00096EBF /* NCUtilities.swift */ = {isa = PBXFileReference; lastKnownFileType = sourcecode.swift; path = NCUtilities.swift; sourceTree = "<group>"; };
		AFAB5B71291BB8F600096EBF /* NCBannerCell.swift */ = {isa = PBXFileReference; lastKnownFileType = sourcecode.swift; path = NCBannerCell.swift; sourceTree = "<group>"; };
		AFAB5B73291CA5CA00096EBF /* NCSelectedAlbumCell.swift */ = {isa = PBXFileReference; lastKnownFileType = sourcecode.swift; path = NCSelectedAlbumCell.swift; sourceTree = "<group>"; };
		AFAB5B75291E25F900096EBF /* NCSectionHeaderView.swift */ = {isa = PBXFileReference; lastKnownFileType = sourcecode.swift; path = NCSectionHeaderView.swift; sourceTree = "<group>"; };
		AFAB5B77291E319700096EBF /* NCRecommendSongsListCell.swift */ = {isa = PBXFileReference; lastKnownFileType = sourcecode.swift; path = NCRecommendSongsListCell.swift; sourceTree = "<group>"; };
		AFB4B79828D881BC0054FA77 /* homepageBlockPage.json */ = {isa = PBXFileReference; lastKnownFileType = text.json; path = homepageBlockPage.json; sourceTree = "<group>"; };
		AFC1045129223D7300B1204B /* NCStyleLayout.swift */ = {isa = PBXFileReference; lastKnownFileType = sourcecode.swift; path = NCStyleLayout.swift; sourceTree = "<group>"; };
		AFC104532923371800B1204B /* NCHomepageBtnCell.swift */ = {isa = PBXFileReference; lastKnownFileType = sourcecode.swift; path = NCHomepageBtnCell.swift; sourceTree = "<group>"; };
		AFC747F3297008590037FEA5 /* NCMusicModel.swift */ = {isa = PBXFileReference; lastKnownFileType = sourcecode.swift; path = NCMusicModel.swift; sourceTree = "<group>"; };
		AFC75B4B28C84C17006932EC /* NCBaseViewController.swift */ = {isa = PBXFileReference; lastKnownFileType = sourcecode.swift; path = NCBaseViewController.swift; sourceTree = "<group>"; };
		AFC75B4D28C84C96006932EC /* NCBaseTableViewController.swift */ = {isa = PBXFileReference; lastKnownFileType = sourcecode.swift; path = NCBaseTableViewController.swift; sourceTree = "<group>"; };
		AFC75B4F28C84CDB006932EC /* NCBaseTableViewCell.swift */ = {isa = PBXFileReference; lastKnownFileType = sourcecode.swift; path = NCBaseTableViewCell.swift; sourceTree = "<group>"; };
		AFC75B5228C850EA006932EC /* ReuseIdentifierProviding.swift */ = {isa = PBXFileReference; fileEncoding = 4; lastKnownFileType = sourcecode.swift; path = ReuseIdentifierProviding.swift; sourceTree = "<group>"; };
		AFC75B5528C88132006932EC /* SnapKit.xcframework */ = {isa = PBXFileReference; lastKnownFileType = wrapper.xcframework; name = SnapKit.xcframework; path = Carthage/Build/SnapKit.xcframework; sourceTree = "<group>"; };
		AFC75B5928C88336006932EC /* Alamofire.xcframework */ = {isa = PBXFileReference; lastKnownFileType = wrapper.xcframework; name = Alamofire.xcframework; path = Carthage/Build/Alamofire.xcframework; sourceTree = "<group>"; };
		AFC75B5C28C88341006932EC /* AlamofireImage.xcframework */ = {isa = PBXFileReference; lastKnownFileType = wrapper.xcframework; name = AlamofireImage.xcframework; path = Carthage/Build/AlamofireImage.xcframework; sourceTree = "<group>"; };
		AFC75B6028C88458006932EC /* NCUrlConstsnt.swift */ = {isa = PBXFileReference; lastKnownFileType = sourcecode.swift; path = NCUrlConstsnt.swift; sourceTree = "<group>"; };
		AFC75B6228C8855B006932EC /* NCNetReqManager.swift */ = {isa = PBXFileReference; lastKnownFileType = sourcecode.swift; path = NCNetReqManager.swift; sourceTree = "<group>"; };
		AFC75B6428C88CD2006932EC /* NCNetService.swift */ = {isa = PBXFileReference; lastKnownFileType = sourcecode.swift; path = NCNetService.swift; sourceTree = "<group>"; };
		AFC75B6628C88DB5006932EC /* Moya.xcframework */ = {isa = PBXFileReference; lastKnownFileType = wrapper.xcframework; name = Moya.xcframework; path = Carthage/Build/Moya.xcframework; sourceTree = "<group>"; };
		AFC75B6A28C89695006932EC /* NCJsonData.swift */ = {isa = PBXFileReference; lastKnownFileType = sourcecode.swift; path = NCJsonData.swift; sourceTree = "<group>"; };
		AFC75B6C28C8990E006932EC /* recommendRes.json */ = {isa = PBXFileReference; lastKnownFileType = text.json; path = recommendRes.json; sourceTree = "<group>"; };
		AFC75B7028C89A4B006932EC /* NCRecommendResViewController.swift */ = {isa = PBXFileReference; lastKnownFileType = sourcecode.swift; path = NCRecommendResViewController.swift; sourceTree = "<group>"; };
		AFC75B7228C89B3B006932EC /* NCBaseCollectionViewController.swift */ = {isa = PBXFileReference; lastKnownFileType = sourcecode.swift; path = NCBaseCollectionViewController.swift; sourceTree = "<group>"; };
		AFC75B7D28C8BA5A006932EC /* NCRecommendResCell.swift */ = {isa = PBXFileReference; lastKnownFileType = sourcecode.swift; path = NCRecommendResCell.swift; sourceTree = "<group>"; };
		AFC75B8028C8BA82006932EC /* NCRecommendResModel.swift */ = {isa = PBXFileReference; lastKnownFileType = sourcecode.swift; path = NCRecommendResModel.swift; sourceTree = "<group>"; };
		AFC75B8428C8BF03006932EC /* NCRecommendSongsViewController.swift */ = {isa = PBXFileReference; lastKnownFileType = sourcecode.swift; path = NCRecommendSongsViewController.swift; sourceTree = "<group>"; };
		AFC75B8628C8BF1D006932EC /* NCRecommendSongsModel.swift */ = {isa = PBXFileReference; lastKnownFileType = sourcecode.swift; path = NCRecommendSongsModel.swift; sourceTree = "<group>"; };
		AFC75B8828C8BF2B006932EC /* NCRecommendSongsCell.swift */ = {isa = PBXFileReference; lastKnownFileType = sourcecode.swift; path = NCRecommendSongsCell.swift; sourceTree = "<group>"; };
		AFC75B8A28C8BF3E006932EC /* recommendSongs.json */ = {isa = PBXFileReference; lastKnownFileType = text.json; path = recommendSongs.json; sourceTree = "<group>"; };
		AFC75B8C28D0857F006932EC /* NCStringExtension.swift */ = {isa = PBXFileReference; lastKnownFileType = sourcecode.swift; path = NCStringExtension.swift; sourceTree = "<group>"; };
		AFCFE30C28D9A1B100199F84 /* SwiftTheme.xcframework */ = {isa = PBXFileReference; lastKnownFileType = wrapper.xcframework; name = SwiftTheme.xcframework; path = Carthage/Build/SwiftTheme.xcframework; sourceTree = "<group>"; };
		AFCFE31028D9A1DB00199F84 /* NCThemeManager.swift */ = {isa = PBXFileReference; lastKnownFileType = sourcecode.swift; path = NCThemeManager.swift; sourceTree = "<group>"; };
		AFCFE31228D9A2CD00199F84 /* day.plist */ = {isa = PBXFileReference; lastKnownFileType = text.plist.xml; path = day.plist; sourceTree = "<group>"; };
		AFCFE31428D9A2D700199F84 /* night.plist */ = {isa = PBXFileReference; lastKnownFileType = text.plist.xml; path = night.plist; sourceTree = "<group>"; };
		AFCFE31728D9ADD100199F84 /* NCSettingViewController.swift */ = {isa = PBXFileReference; lastKnownFileType = sourcecode.swift; path = NCSettingViewController.swift; sourceTree = "<group>"; };
		AFCFE31A28D9AFA300199F84 /* NCSettingSwitchCell.swift */ = {isa = PBXFileReference; lastKnownFileType = sourcecode.swift; path = NCSettingSwitchCell.swift; sourceTree = "<group>"; };
		AFCFE31D28D9BE2C00199F84 /* NCTabbarController.swift */ = {isa = PBXFileReference; lastKnownFileType = sourcecode.swift; path = NCTabbarController.swift; sourceTree = "<group>"; };
		AFDA7A96293A0E660000D20A /* NCRcmdLiveCell.swift */ = {isa = PBXFileReference; lastKnownFileType = sourcecode.swift; path = NCRcmdLiveCell.swift; sourceTree = "<group>"; };
		AFDAA3C429482892000A61CC /* 039655.mp3 */ = {isa = PBXFileReference; lastKnownFileType = audio.mp3; path = 039655.mp3; sourceTree = "<group>"; };
		AFDAA42029482C01000A61CC /* NCAudioPlayer.swift */ = {isa = PBXFileReference; lastKnownFileType = sourcecode.swift; path = NCAudioPlayer.swift; sourceTree = "<group>"; };
		AFDCBA4C2930A8B9008C6C58 /* NCPlayerController.swift */ = {isa = PBXFileReference; lastKnownFileType = sourcecode.swift; path = NCPlayerController.swift; sourceTree = "<group>"; };
/* End PBXFileReference section */

/* Begin PBXFrameworksBuildPhase section */
		AF138E8B28AB9EF300DFBE79 /* Frameworks */ = {
			isa = PBXFrameworksBuildPhase;
			buildActionMask = 2147483647;
			files = (
				8A27EADA7DD9B8D13825013C /* Pods_NCMusic.framework in Frameworks */,
			);
			runOnlyForDeploymentPostprocessing = 0;
		};
		AF138EA128AB9EF400DFBE79 /* Frameworks */ = {
			isa = PBXFrameworksBuildPhase;
			buildActionMask = 2147483647;
			files = (
				800CF63563A0C991087D0A7D /* Pods_NCMusicTests.framework in Frameworks */,
			);
			runOnlyForDeploymentPostprocessing = 0;
		};
		AF138EAB28AB9EF500DFBE79 /* Frameworks */ = {
			isa = PBXFrameworksBuildPhase;
			buildActionMask = 2147483647;
			files = (
				C537938A08B70FEDAF2C4A07 /* Pods_NCMusic_NCMusicUITests.framework in Frameworks */,
			);
			runOnlyForDeploymentPostprocessing = 0;
		};
/* End PBXFrameworksBuildPhase section */

/* Begin PBXGroup section */
		AF138E8528AB9EF300DFBE79 = {
			isa = PBXGroup;
			children = (
				AF138E9028AB9EF300DFBE79 /* NCMusic */,
				AF138EA728AB9EF400DFBE79 /* NCMusicTests */,
				AF138EB128AB9EF500DFBE79 /* NCMusicUITests */,
				AF138E8F28AB9EF300DFBE79 /* Products */,
				AFC75B5428C88132006932EC /* Frameworks */,
				ED647C6E42B0F10EF2257F9F /* Pods */,
			);
			sourceTree = "<group>";
		};
		AF138E8F28AB9EF300DFBE79 /* Products */ = {
			isa = PBXGroup;
			children = (
				AF138E8E28AB9EF300DFBE79 /* NCMusic.app */,
				AF138EA428AB9EF400DFBE79 /* NCMusicTests.xctest */,
				AF138EAE28AB9EF500DFBE79 /* NCMusicUITests.xctest */,
			);
			name = Products;
			sourceTree = "<group>";
		};
		AF138E9028AB9EF300DFBE79 /* NCMusic */ = {
			isa = PBXGroup;
			children = (
				AF138E9128AB9EF300DFBE79 /* AppDelegate.swift */,
				AF138E9328AB9EF300DFBE79 /* SceneDelegate.swift */,
				AF138E9528AB9EF300DFBE79 /* ViewController.swift */,
				AFDCBA472930A7D1008C6C58 /* Frameworks */,
				AFCFE30F28D9A1C000199F84 /* Theme */,
				AFC75B7528C8A271006932EC /* Utils */,
				AFC75B6E28C899E0006932EC /* UI */,
				AFC75B6928C89617006932EC /* Resources */,
				AFC75B5F28C88359006932EC /* Requests */,
				AFC75B5128C850AA006932EC /* Additions */,
				AFC75B4A28C84BCD006932EC /* Base Classes */,
				AF138E9728AB9EF300DFBE79 /* Main.storyboard */,
				AF138E9A28AB9EF400DFBE79 /* Assets.xcassets */,
				AF138E9C28AB9EF400DFBE79 /* LaunchScreen.storyboard */,
				AF138E9F28AB9EF400DFBE79 /* Info.plist */,
			);
			path = NCMusic;
			sourceTree = "<group>";
		};
		AF138EA728AB9EF400DFBE79 /* NCMusicTests */ = {
			isa = PBXGroup;
			children = (
				AF138EA828AB9EF400DFBE79 /* NCMusicTests.swift */,
			);
			path = NCMusicTests;
			sourceTree = "<group>";
		};
		AF138EB128AB9EF500DFBE79 /* NCMusicUITests */ = {
			isa = PBXGroup;
			children = (
				AF138EB228AB9EF500DFBE79 /* NCMusicUITests.swift */,
				AF138EB428AB9EF500DFBE79 /* NCMusicUITestsLaunchTests.swift */,
			);
			path = NCMusicUITests;
			sourceTree = "<group>";
		};
		AF24DEA628E69D20008759F9 /* Homepage */ = {
			isa = PBXGroup;
			children = (
				AFAB5B6C2918F9CD00096EBF /* Views */,
				AF24DEA728E69D2B008759F9 /* Models */,
				AF24DEA828E69D7E008759F9 /* NCHomepageViewController.swift */,
			);
			path = Homepage;
			sourceTree = "<group>";
		};
		AF24DEA728E69D2B008759F9 /* Models */ = {
			isa = PBXGroup;
			children = (
				AF4F5F1028DC075E0062CE3A /* NCHomepageModel.swift */,
			);
			path = Models;
			sourceTree = "<group>";
		};
		AF48E40B29D41F680082B911 /* Webview */ = {
			isa = PBXGroup;
			children = (
				AF48E40C29D41FAE0082B911 /* NCWebviewController.swift */,
			);
			path = Webview;
			sourceTree = "<group>";
		};
		AF940D9D29D58EA6006358BA /* SideMenu */ = {
			isa = PBXGroup;
			children = (
				AF940DA329DAF145006358BA /* NCSideMenuViewController.swift */,
			);
			path = SideMenu;
			sourceTree = "<group>";
		};
		AFAB5B6C2918F9CD00096EBF /* Views */ = {
			isa = PBXGroup;
			children = (
				AFAB5B71291BB8F600096EBF /* NCBannerCell.swift */,
				AFAB5B73291CA5CA00096EBF /* NCSelectedAlbumCell.swift */,
				AFDA7A96293A0E660000D20A /* NCRcmdLiveCell.swift */,
				AFAB5B77291E319700096EBF /* NCRecommendSongsListCell.swift */,
				AFC104532923371800B1204B /* NCHomepageBtnCell.swift */,
				AFAB5B75291E25F900096EBF /* NCSectionHeaderView.swift */,
				AFC1045129223D7300B1204B /* NCStyleLayout.swift */,
			);
			path = Views;
			sourceTree = "<group>";
		};
		AFB08C4328F81BC8008A9B61 /* Components */ = {
			isa = PBXGroup;
			children = (
				AFD9C56429D3E74900027903 /* ControlView */,
				AFB08C4428F81BF5008A9B61 /* Banner */,
			);
			path = Components;
			sourceTree = "<group>";
		};
		AFB08C4428F81BF5008A9B61 /* Banner */ = {
			isa = PBXGroup;
			children = (
				AFAB5B642913DFF700096EBF /* CarouselCell.swift */,
				AFAB5B662913E02E00096EBF /* CarouselView.swift */,
			);
			path = Banner;
			sourceTree = "<group>";
		};
		AFC747F2297008400037FEA5 /* Model */ = {
			isa = PBXGroup;
			children = (
				AFC747F3297008590037FEA5 /* NCMusicModel.swift */,
			);
			path = Model;
			sourceTree = "<group>";
		};
		AFC75B4A28C84BCD006932EC /* Base Classes */ = {
			isa = PBXGroup;
			children = (
				AF24DEA428E69B49008759F9 /* NCBaseModel.swift */,
				AFC75B4B28C84C17006932EC /* NCBaseViewController.swift */,
				AFC75B4D28C84C96006932EC /* NCBaseTableViewController.swift */,
				AFC75B4F28C84CDB006932EC /* NCBaseTableViewCell.swift */,
				AFC75B7228C89B3B006932EC /* NCBaseCollectionViewController.swift */,
			);
			path = "Base Classes";
			sourceTree = "<group>";
		};
		AFC75B5128C850AA006932EC /* Additions */ = {
			isa = PBXGroup;
			children = (
				AFC75B5228C850EA006932EC /* ReuseIdentifierProviding.swift */,
			);
			path = Additions;
			sourceTree = "<group>";
		};
		AFC75B5428C88132006932EC /* Frameworks */ = {
			isa = PBXGroup;
			children = (
				AFCFE30C28D9A1B100199F84 /* SwiftTheme.xcframework */,
				AFC75B6628C88DB5006932EC /* Moya.xcframework */,
				AFC75B5C28C88341006932EC /* AlamofireImage.xcframework */,
				AFC75B5928C88336006932EC /* Alamofire.xcframework */,
				AFC75B5528C88132006932EC /* SnapKit.xcframework */,
				14A4B666645A039C2E26CFCA /* Pods_NCMusic.framework */,
				1D46ED4C9B906150BF59F619 /* Pods_NCMusic_NCMusicUITests.framework */,
				3DD4CFF48C356EFBEADE639F /* Pods_NCMusicTests.framework */,
			);
			name = Frameworks;
			sourceTree = "<group>";
		};
		AFC75B5F28C88359006932EC /* Requests */ = {
			isa = PBXGroup;
			children = (
				AFC75B6028C88458006932EC /* NCUrlConstsnt.swift */,
				AFC75B6228C8855B006932EC /* NCNetReqManager.swift */,
				AFC75B6428C88CD2006932EC /* NCNetService.swift */,
			);
			path = Requests;
			sourceTree = "<group>";
		};
		AFC75B6928C89617006932EC /* Resources */ = {
			isa = PBXGroup;
			children = (
				AFDAA3C429482892000A61CC /* 039655.mp3 */,
				AFC75B6A28C89695006932EC /* NCJsonData.swift */,
				AFC75B6C28C8990E006932EC /* recommendRes.json */,
				AFC75B8A28C8BF3E006932EC /* recommendSongs.json */,
				AFB4B79828D881BC0054FA77 /* homepageBlockPage.json */,
				AF86A8412950650A001B8C2E /* res.bundle */,
			);
			path = Resources;
			sourceTree = "<group>";
		};
		AFC75B6E28C899E0006932EC /* UI */ = {
			isa = PBXGroup;
			children = (
				AF940D9D29D58EA6006358BA /* SideMenu */,
				AF48E40B29D41F680082B911 /* Webview */,
				AFDCBA45293073E5008C6C58 /* Player */,
				AFB08C4328F81BC8008A9B61 /* Components */,
				AF24DEA628E69D20008759F9 /* Homepage */,
				AFCFE31C28D9BE1300199F84 /* Navigation */,
				AFCFE31628D9AD1900199F84 /* Setting */,
				AFC75B6F28C899F3006932EC /* Recommend */,
			);
			path = UI;
			sourceTree = "<group>";
		};
		AFC75B6F28C899F3006932EC /* Recommend */ = {
			isa = PBXGroup;
			children = (
				AFC75B7028C89A4B006932EC /* NCRecommendResViewController.swift */,
				AFC75B8428C8BF03006932EC /* NCRecommendSongsViewController.swift */,
				AFC75B7F28C8BA69006932EC /* Models */,
				AFC75B7C28C8BA3B006932EC /* Views */,
			);
			path = Recommend;
			sourceTree = "<group>";
		};
		AFC75B7528C8A271006932EC /* Utils */ = {
			isa = PBXGroup;
			children = (
				AFC75B8C28D0857F006932EC /* NCStringExtension.swift */,
				AF86A83F29505E43001B8C2E /* NCImageExtension.swift */,
				AFAB5B6A2914BDDE00096EBF /* NCUtilities.swift */,
				AF137D042A6E7912006EF9D6 /* MENWPathMonitor.swift */,
			);
			path = Utils;
			sourceTree = "<group>";
		};
		AFC75B7C28C8BA3B006932EC /* Views */ = {
			isa = PBXGroup;
			children = (
				AFC75B7D28C8BA5A006932EC /* NCRecommendResCell.swift */,
				AFC75B8828C8BF2B006932EC /* NCRecommendSongsCell.swift */,
			);
			path = Views;
			sourceTree = "<group>";
		};
		AFC75B7F28C8BA69006932EC /* Models */ = {
			isa = PBXGroup;
			children = (
				AFC75B8028C8BA82006932EC /* NCRecommendResModel.swift */,
				AFC75B8628C8BF1D006932EC /* NCRecommendSongsModel.swift */,
			);
			path = Models;
			sourceTree = "<group>";
		};
		AFCFE30F28D9A1C000199F84 /* Theme */ = {
			isa = PBXGroup;
			children = (
				AFCFE31028D9A1DB00199F84 /* NCThemeManager.swift */,
				AFCFE31228D9A2CD00199F84 /* day.plist */,
				AFCFE31428D9A2D700199F84 /* night.plist */,
			);
			path = Theme;
			sourceTree = "<group>";
		};
		AFCFE31628D9AD1900199F84 /* Setting */ = {
			isa = PBXGroup;
			children = (
				AFCFE31728D9ADD100199F84 /* NCSettingViewController.swift */,
				AFCFE31928D9AF8C00199F84 /* Views */,
			);
			path = Setting;
			sourceTree = "<group>";
		};
		AFCFE31928D9AF8C00199F84 /* Views */ = {
			isa = PBXGroup;
			children = (
				AFCFE31A28D9AFA300199F84 /* NCSettingSwitchCell.swift */,
			);
			path = Views;
			sourceTree = "<group>";
		};
		AFCFE31C28D9BE1300199F84 /* Navigation */ = {
			isa = PBXGroup;
			children = (
				AFCFE31D28D9BE2C00199F84 /* NCTabbarController.swift */,
				AF4F5F0D28DABFA00062CE3A /* NCNavigationController.swift */,
			);
			path = Navigation;
			sourceTree = "<group>";
		};
		AFD9C56429D3E74900027903 /* ControlView */ = {
			isa = PBXGroup;
			children = (
			);
			path = ControlView;
			sourceTree = "<group>";
		};
		AFDAA41F29482BEA000A61CC /* AudioPlayer */ = {
			isa = PBXGroup;
			children = (
				AFDAA42029482C01000A61CC /* NCAudioPlayer.swift */,
			);
			path = AudioPlayer;
			sourceTree = "<group>";
		};
		AFDCBA45293073E5008C6C58 /* Player */ = {
			isa = PBXGroup;
			children = (
				AFC747F2297008400037FEA5 /* Model */,
				AFDAA41F29482BEA000A61CC /* AudioPlayer */,
				AFDCBA4C2930A8B9008C6C58 /* NCPlayerController.swift */,
			);
			path = Player;
			sourceTree = "<group>";
		};
		AFDCBA472930A7D1008C6C58 /* Frameworks */ = {
			isa = PBXGroup;
			children = (
			);
			path = Frameworks;
			sourceTree = "<group>";
		};
		ED647C6E42B0F10EF2257F9F /* Pods */ = {
			isa = PBXGroup;
			children = (
				3F9E5D54C38FAE2CB347F369 /* Pods-NCMusic.debug.xcconfig */,
				4B12ECCCC08893E0CF586582 /* Pods-NCMusic.release.xcconfig */,
				A923F09D3824E43DBF27DC04 /* Pods-NCMusic-NCMusicUITests.debug.xcconfig */,
				2107C99C14C7A538BCCCED6D /* Pods-NCMusic-NCMusicUITests.release.xcconfig */,
				44D53EEFBD7F5E898ADD1257 /* Pods-NCMusicTests.debug.xcconfig */,
				AAFEDF94ED776541B851D6B2 /* Pods-NCMusicTests.release.xcconfig */,
			);
			path = Pods;
			sourceTree = "<group>";
		};
/* End PBXGroup section */

/* Begin PBXNativeTarget section */
		AF138E8D28AB9EF300DFBE79 /* NCMusic */ = {
			isa = PBXNativeTarget;
			buildConfigurationList = AF138EB828AB9EF500DFBE79 /* Build configuration list for PBXNativeTarget "NCMusic" */;
			buildPhases = (
				705C3A7950E1608FB5C4B30D /* [CP] Check Pods Manifest.lock */,
				AF138E8A28AB9EF300DFBE79 /* Sources */,
				AF138E8B28AB9EF300DFBE79 /* Frameworks */,
				AF138E8C28AB9EF300DFBE79 /* Resources */,
				AFC75B5828C88132006932EC /* Embed Frameworks */,
				5C166AA8C6F9AC66D5EFFABD /* [CP] Embed Pods Frameworks */,
			);
			buildRules = (
			);
			dependencies = (
			);
			name = NCMusic;
			productName = NCMusic;
			productReference = AF138E8E28AB9EF300DFBE79 /* NCMusic.app */;
			productType = "com.apple.product-type.application";
		};
		AF138EA328AB9EF400DFBE79 /* NCMusicTests */ = {
			isa = PBXNativeTarget;
			buildConfigurationList = AF138EBB28AB9EF500DFBE79 /* Build configuration list for PBXNativeTarget "NCMusicTests" */;
			buildPhases = (
				7BA6F997A27DF15A50B785B3 /* [CP] Check Pods Manifest.lock */,
				AF138EA028AB9EF400DFBE79 /* Sources */,
				AF138EA128AB9EF400DFBE79 /* Frameworks */,
				AF138EA228AB9EF400DFBE79 /* Resources */,
			);
			buildRules = (
			);
			dependencies = (
				AF138EA628AB9EF400DFBE79 /* PBXTargetDependency */,
			);
			name = NCMusicTests;
			productName = NCMusicTests;
			productReference = AF138EA428AB9EF400DFBE79 /* NCMusicTests.xctest */;
			productType = "com.apple.product-type.bundle.unit-test";
		};
		AF138EAD28AB9EF500DFBE79 /* NCMusicUITests */ = {
			isa = PBXNativeTarget;
			buildConfigurationList = AF138EBE28AB9EF500DFBE79 /* Build configuration list for PBXNativeTarget "NCMusicUITests" */;
			buildPhases = (
				B247FAC3BDFDFEAE7B6423B6 /* [CP] Check Pods Manifest.lock */,
				AF138EAA28AB9EF500DFBE79 /* Sources */,
				AF138EAB28AB9EF500DFBE79 /* Frameworks */,
				AF138EAC28AB9EF500DFBE79 /* Resources */,
				A5D6ADF078138E7B22DE07CF /* [CP] Embed Pods Frameworks */,
			);
			buildRules = (
			);
			dependencies = (
				AF138EB028AB9EF500DFBE79 /* PBXTargetDependency */,
			);
			name = NCMusicUITests;
			productName = NCMusicUITests;
			productReference = AF138EAE28AB9EF500DFBE79 /* NCMusicUITests.xctest */;
			productType = "com.apple.product-type.bundle.ui-testing";
		};
/* End PBXNativeTarget section */

/* Begin PBXProject section */
		AF138E8628AB9EF300DFBE79 /* Project object */ = {
			isa = PBXProject;
			attributes = {
				BuildIndependentTargetsInParallel = 1;
				CLASSPREFIX = NC;
				LastSwiftUpdateCheck = 1340;
				LastUpgradeCheck = 1340;
				TargetAttributes = {
					AF138E8D28AB9EF300DFBE79 = {
						CreatedOnToolsVersion = 13.4.1;
					};
					AF138EA328AB9EF400DFBE79 = {
						CreatedOnToolsVersion = 13.4.1;
						TestTargetID = AF138E8D28AB9EF300DFBE79;
					};
					AF138EAD28AB9EF500DFBE79 = {
						CreatedOnToolsVersion = 13.4.1;
						TestTargetID = AF138E8D28AB9EF300DFBE79;
					};
				};
			};
			buildConfigurationList = AF138E8928AB9EF300DFBE79 /* Build configuration list for PBXProject "NCMusic" */;
			compatibilityVersion = "Xcode 13.0";
			developmentRegion = en;
			hasScannedForEncodings = 0;
			knownRegions = (
				en,
				Base,
			);
			mainGroup = AF138E8528AB9EF300DFBE79;
			productRefGroup = AF138E8F28AB9EF300DFBE79 /* Products */;
			projectDirPath = "";
			projectRoot = "";
			targets = (
				AF138E8D28AB9EF300DFBE79 /* NCMusic */,
				AF138EA328AB9EF400DFBE79 /* NCMusicTests */,
				AF138EAD28AB9EF500DFBE79 /* NCMusicUITests */,
			);
		};
/* End PBXProject section */

/* Begin PBXResourcesBuildPhase section */
		AF138E8C28AB9EF300DFBE79 /* Resources */ = {
			isa = PBXResourcesBuildPhase;
			buildActionMask = 2147483647;
			files = (
				AF86A8422950650A001B8C2E /* res.bundle in Resources */,
				AFDAA3C529482892000A61CC /* 039655.mp3 in Resources */,
				AFB4B79928D881BC0054FA77 /* homepageBlockPage.json in Resources */,
				AFC75B6D28C8990E006932EC /* recommendRes.json in Resources */,
				AF138E9E28AB9EF400DFBE79 /* LaunchScreen.storyboard in Resources */,
				AF138E9B28AB9EF400DFBE79 /* Assets.xcassets in Resources */,
				AFCFE31328D9A2CD00199F84 /* day.plist in Resources */,
				AF138E9928AB9EF300DFBE79 /* Main.storyboard in Resources */,
				AFC75B8B28C8BF3E006932EC /* recommendSongs.json in Resources */,
				AFCFE31528D9A2D700199F84 /* night.plist in Resources */,
			);
			runOnlyForDeploymentPostprocessing = 0;
		};
		AF138EA228AB9EF400DFBE79 /* Resources */ = {
			isa = PBXResourcesBuildPhase;
			buildActionMask = 2147483647;
			files = (
			);
			runOnlyForDeploymentPostprocessing = 0;
		};
		AF138EAC28AB9EF500DFBE79 /* Resources */ = {
			isa = PBXResourcesBuildPhase;
			buildActionMask = 2147483647;
			files = (
			);
			runOnlyForDeploymentPostprocessing = 0;
		};
/* End PBXResourcesBuildPhase section */

/* Begin PBXShellScriptBuildPhase section */
		5C166AA8C6F9AC66D5EFFABD /* [CP] Embed Pods Frameworks */ = {
			isa = PBXShellScriptBuildPhase;
			buildActionMask = 2147483647;
			files = (
			);
			inputFileListPaths = (
				"${PODS_ROOT}/Target Support Files/Pods-NCMusic/Pods-NCMusic-frameworks-${CONFIGURATION}-input-files.xcfilelist",
			);
			name = "[CP] Embed Pods Frameworks";
			outputFileListPaths = (
				"${PODS_ROOT}/Target Support Files/Pods-NCMusic/Pods-NCMusic-frameworks-${CONFIGURATION}-output-files.xcfilelist",
			);
			runOnlyForDeploymentPostprocessing = 0;
			shellPath = /bin/sh;
			shellScript = "\"${PODS_ROOT}/Target Support Files/Pods-NCMusic/Pods-NCMusic-frameworks.sh\"\n";
			showEnvVarsInLog = 0;
		};
		705C3A7950E1608FB5C4B30D /* [CP] Check Pods Manifest.lock */ = {
			isa = PBXShellScriptBuildPhase;
			buildActionMask = 2147483647;
			files = (
			);
			inputFileListPaths = (
			);
			inputPaths = (
				"${PODS_PODFILE_DIR_PATH}/Podfile.lock",
				"${PODS_ROOT}/Manifest.lock",
			);
			name = "[CP] Check Pods Manifest.lock";
			outputFileListPaths = (
			);
			outputPaths = (
				"$(DERIVED_FILE_DIR)/Pods-NCMusic-checkManifestLockResult.txt",
			);
			runOnlyForDeploymentPostprocessing = 0;
			shellPath = /bin/sh;
			shellScript = "diff \"${PODS_PODFILE_DIR_PATH}/Podfile.lock\" \"${PODS_ROOT}/Manifest.lock\" > /dev/null\nif [ $? != 0 ] ; then\n    # print error to STDERR\n    echo \"error: The sandbox is not in sync with the Podfile.lock. Run 'pod install' or update your CocoaPods installation.\" >&2\n    exit 1\nfi\n# This output is used by Xcode 'outputs' to avoid re-running this script phase.\necho \"SUCCESS\" > \"${SCRIPT_OUTPUT_FILE_0}\"\n";
			showEnvVarsInLog = 0;
		};
		7BA6F997A27DF15A50B785B3 /* [CP] Check Pods Manifest.lock */ = {
			isa = PBXShellScriptBuildPhase;
			buildActionMask = 2147483647;
			files = (
			);
			inputFileListPaths = (
			);
			inputPaths = (
				"${PODS_PODFILE_DIR_PATH}/Podfile.lock",
				"${PODS_ROOT}/Manifest.lock",
			);
			name = "[CP] Check Pods Manifest.lock";
			outputFileListPaths = (
			);
			outputPaths = (
				"$(DERIVED_FILE_DIR)/Pods-NCMusicTests-checkManifestLockResult.txt",
			);
			runOnlyForDeploymentPostprocessing = 0;
			shellPath = /bin/sh;
			shellScript = "diff \"${PODS_PODFILE_DIR_PATH}/Podfile.lock\" \"${PODS_ROOT}/Manifest.lock\" > /dev/null\nif [ $? != 0 ] ; then\n    # print error to STDERR\n    echo \"error: The sandbox is not in sync with the Podfile.lock. Run 'pod install' or update your CocoaPods installation.\" >&2\n    exit 1\nfi\n# This output is used by Xcode 'outputs' to avoid re-running this script phase.\necho \"SUCCESS\" > \"${SCRIPT_OUTPUT_FILE_0}\"\n";
			showEnvVarsInLog = 0;
		};
		A5D6ADF078138E7B22DE07CF /* [CP] Embed Pods Frameworks */ = {
			isa = PBXShellScriptBuildPhase;
			buildActionMask = 2147483647;
			files = (
			);
			inputFileListPaths = (
				"${PODS_ROOT}/Target Support Files/Pods-NCMusic-NCMusicUITests/Pods-NCMusic-NCMusicUITests-frameworks-${CONFIGURATION}-input-files.xcfilelist",
			);
			name = "[CP] Embed Pods Frameworks";
			outputFileListPaths = (
				"${PODS_ROOT}/Target Support Files/Pods-NCMusic-NCMusicUITests/Pods-NCMusic-NCMusicUITests-frameworks-${CONFIGURATION}-output-files.xcfilelist",
			);
			runOnlyForDeploymentPostprocessing = 0;
			shellPath = /bin/sh;
			shellScript = "\"${PODS_ROOT}/Target Support Files/Pods-NCMusic-NCMusicUITests/Pods-NCMusic-NCMusicUITests-frameworks.sh\"\n";
			showEnvVarsInLog = 0;
		};
		B247FAC3BDFDFEAE7B6423B6 /* [CP] Check Pods Manifest.lock */ = {
			isa = PBXShellScriptBuildPhase;
			buildActionMask = 2147483647;
			files = (
			);
			inputFileListPaths = (
			);
			inputPaths = (
				"${PODS_PODFILE_DIR_PATH}/Podfile.lock",
				"${PODS_ROOT}/Manifest.lock",
			);
			name = "[CP] Check Pods Manifest.lock";
			outputFileListPaths = (
			);
			outputPaths = (
				"$(DERIVED_FILE_DIR)/Pods-NCMusic-NCMusicUITests-checkManifestLockResult.txt",
			);
			runOnlyForDeploymentPostprocessing = 0;
			shellPath = /bin/sh;
			shellScript = "diff \"${PODS_PODFILE_DIR_PATH}/Podfile.lock\" \"${PODS_ROOT}/Manifest.lock\" > /dev/null\nif [ $? != 0 ] ; then\n    # print error to STDERR\n    echo \"error: The sandbox is not in sync with the Podfile.lock. Run 'pod install' or update your CocoaPods installation.\" >&2\n    exit 1\nfi\n# This output is used by Xcode 'outputs' to avoid re-running this script phase.\necho \"SUCCESS\" > \"${SCRIPT_OUTPUT_FILE_0}\"\n";
			showEnvVarsInLog = 0;
		};
/* End PBXShellScriptBuildPhase section */

/* Begin PBXSourcesBuildPhase section */
		AF138E8A28AB9EF300DFBE79 /* Sources */ = {
			isa = PBXSourcesBuildPhase;
			buildActionMask = 2147483647;
			files = (
				AFCFE31828D9ADD100199F84 /* NCSettingViewController.swift in Sources */,
				AFC104542923371800B1204B /* NCHomepageBtnCell.swift in Sources */,
				AFAB5B6B2914BDDF00096EBF /* NCUtilities.swift in Sources */,
				AFAB5B672913E02E00096EBF /* CarouselView.swift in Sources */,
				AFAB5B72291BB8F600096EBF /* NCBannerCell.swift in Sources */,
				AFC75B8128C8BA82006932EC /* NCRecommendResModel.swift in Sources */,
				AFC75B7328C89B3B006932EC /* NCBaseCollectionViewController.swift in Sources */,
				AF940DA429DAF145006358BA /* NCSideMenuViewController.swift in Sources */,
				AFDAA42129482C01000A61CC /* NCAudioPlayer.swift in Sources */,
				AFC75B6528C88CD2006932EC /* NCNetService.swift in Sources */,
				AFC75B8528C8BF03006932EC /* NCRecommendSongsViewController.swift in Sources */,
				AFC75B8D28D0857F006932EC /* NCStringExtension.swift in Sources */,
				AFC75B7128C89A4B006932EC /* NCRecommendResViewController.swift in Sources */,
				AFCFE31128D9A1DB00199F84 /* NCThemeManager.swift in Sources */,
				AFC75B4C28C84C17006932EC /* NCBaseViewController.swift in Sources */,
				AFCFE31B28D9AFA300199F84 /* NCSettingSwitchCell.swift in Sources */,
				AF137D052A6E7912006EF9D6 /* MENWPathMonitor.swift in Sources */,
				AFC75B8728C8BF1D006932EC /* NCRecommendSongsModel.swift in Sources */,
				AFDCBA4D2930A8B9008C6C58 /* NCPlayerController.swift in Sources */,
				AFAB5B652913DFF700096EBF /* CarouselCell.swift in Sources */,
				AF86A84029505E43001B8C2E /* NCImageExtension.swift in Sources */,
				AFC75B6328C8855B006932EC /* NCNetReqManager.swift in Sources */,
				AF4F5F1128DC075E0062CE3A /* NCHomepageModel.swift in Sources */,
				AF4F5F0E28DABFA00062CE3A /* NCNavigationController.swift in Sources */,
				AFC75B8928C8BF2B006932EC /* NCRecommendSongsCell.swift in Sources */,
				AFC747F4297008590037FEA5 /* NCMusicModel.swift in Sources */,
				AF24DEA928E69D7E008759F9 /* NCHomepageViewController.swift in Sources */,
				AFC75B6B28C89695006932EC /* NCJsonData.swift in Sources */,
				AFCFE31E28D9BE2C00199F84 /* NCTabbarController.swift in Sources */,
				AFC75B7E28C8BA5A006932EC /* NCRecommendResCell.swift in Sources */,
				AF138E9628AB9EF300DFBE79 /* ViewController.swift in Sources */,
				AFC75B6128C88458006932EC /* NCUrlConstsnt.swift in Sources */,
				AFC1045229223D7300B1204B /* NCStyleLayout.swift in Sources */,
				AFDA7A97293A0E660000D20A /* NCRcmdLiveCell.swift in Sources */,
				AF138E9228AB9EF300DFBE79 /* AppDelegate.swift in Sources */,
				AFAB5B78291E319700096EBF /* NCRecommendSongsListCell.swift in Sources */,
				AFC75B4E28C84C96006932EC /* NCBaseTableViewController.swift in Sources */,
				AFC75B5328C850EA006932EC /* ReuseIdentifierProviding.swift in Sources */,
				AFAB5B76291E25F900096EBF /* NCSectionHeaderView.swift in Sources */,
				AF138E9428AB9EF300DFBE79 /* SceneDelegate.swift in Sources */,
				AF48E40D29D41FAE0082B911 /* NCWebviewController.swift in Sources */,
				AFC75B5028C84CDB006932EC /* NCBaseTableViewCell.swift in Sources */,
				AF24DEA528E69B49008759F9 /* NCBaseModel.swift in Sources */,
				AFAB5B74291CA5CA00096EBF /* NCSelectedAlbumCell.swift in Sources */,
			);
			runOnlyForDeploymentPostprocessing = 0;
		};
		AF138EA028AB9EF400DFBE79 /* Sources */ = {
			isa = PBXSourcesBuildPhase;
			buildActionMask = 2147483647;
			files = (
				AF138EA928AB9EF400DFBE79 /* NCMusicTests.swift in Sources */,
			);
			runOnlyForDeploymentPostprocessing = 0;
		};
		AF138EAA28AB9EF500DFBE79 /* Sources */ = {
			isa = PBXSourcesBuildPhase;
			buildActionMask = 2147483647;
			files = (
				AF138EB328AB9EF500DFBE79 /* NCMusicUITests.swift in Sources */,
				AF138EB528AB9EF500DFBE79 /* NCMusicUITestsLaunchTests.swift in Sources */,
			);
			runOnlyForDeploymentPostprocessing = 0;
		};
/* End PBXSourcesBuildPhase section */

/* Begin PBXTargetDependency section */
		AF138EA628AB9EF400DFBE79 /* PBXTargetDependency */ = {
			isa = PBXTargetDependency;
			target = AF138E8D28AB9EF300DFBE79 /* NCMusic */;
			targetProxy = AF138EA528AB9EF400DFBE79 /* PBXContainerItemProxy */;
		};
		AF138EB028AB9EF500DFBE79 /* PBXTargetDependency */ = {
			isa = PBXTargetDependency;
			target = AF138E8D28AB9EF300DFBE79 /* NCMusic */;
			targetProxy = AF138EAF28AB9EF500DFBE79 /* PBXContainerItemProxy */;
		};
/* End PBXTargetDependency section */

/* Begin PBXVariantGroup section */
		AF138E9728AB9EF300DFBE79 /* Main.storyboard */ = {
			isa = PBXVariantGroup;
			children = (
				AF138E9828AB9EF300DFBE79 /* Base */,
			);
			name = Main.storyboard;
			sourceTree = "<group>";
		};
		AF138E9C28AB9EF400DFBE79 /* LaunchScreen.storyboard */ = {
			isa = PBXVariantGroup;
			children = (
				AF138E9D28AB9EF400DFBE79 /* Base */,
			);
			name = LaunchScreen.storyboard;
			sourceTree = "<group>";
		};
/* End PBXVariantGroup section */

/* Begin XCBuildConfiguration section */
		AF138EB628AB9EF500DFBE79 /* Debug */ = {
			isa = XCBuildConfiguration;
			buildSettings = {
				ALWAYS_SEARCH_USER_PATHS = NO;
				CLANG_ANALYZER_NONNULL = YES;
				CLANG_ANALYZER_NUMBER_OBJECT_CONVERSION = YES_AGGRESSIVE;
				CLANG_CXX_LANGUAGE_STANDARD = "gnu++17";
				CLANG_ENABLE_MODULES = YES;
				CLANG_ENABLE_OBJC_ARC = YES;
				CLANG_ENABLE_OBJC_WEAK = YES;
				CLANG_WARN_BLOCK_CAPTURE_AUTORELEASING = YES;
				CLANG_WARN_BOOL_CONVERSION = YES;
				CLANG_WARN_COMMA = YES;
				CLANG_WARN_CONSTANT_CONVERSION = YES;
				CLANG_WARN_DEPRECATED_OBJC_IMPLEMENTATIONS = YES;
				CLANG_WARN_DIRECT_OBJC_ISA_USAGE = YES_ERROR;
				CLANG_WARN_DOCUMENTATION_COMMENTS = YES;
				CLANG_WARN_EMPTY_BODY = YES;
				CLANG_WARN_ENUM_CONVERSION = YES;
				CLANG_WARN_INFINITE_RECURSION = YES;
				CLANG_WARN_INT_CONVERSION = YES;
				CLANG_WARN_NON_LITERAL_NULL_CONVERSION = YES;
				CLANG_WARN_OBJC_IMPLICIT_RETAIN_SELF = YES;
				CLANG_WARN_OBJC_LITERAL_CONVERSION = YES;
				CLANG_WARN_OBJC_ROOT_CLASS = YES_ERROR;
				CLANG_WARN_QUOTED_INCLUDE_IN_FRAMEWORK_HEADER = YES;
				CLANG_WARN_RANGE_LOOP_ANALYSIS = YES;
				CLANG_WARN_STRICT_PROTOTYPES = YES;
				CLANG_WARN_SUSPICIOUS_MOVE = YES;
				CLANG_WARN_UNGUARDED_AVAILABILITY = YES_AGGRESSIVE;
				CLANG_WARN_UNREACHABLE_CODE = YES;
				CLANG_WARN__DUPLICATE_METHOD_MATCH = YES;
				COPY_PHASE_STRIP = NO;
				DEBUG_INFORMATION_FORMAT = dwarf;
				ENABLE_STRICT_OBJC_MSGSEND = YES;
				ENABLE_TESTABILITY = YES;
				GCC_C_LANGUAGE_STANDARD = gnu11;
				GCC_DYNAMIC_NO_PIC = NO;
				GCC_NO_COMMON_BLOCKS = YES;
				GCC_OPTIMIZATION_LEVEL = 0;
				GCC_PREPROCESSOR_DEFINITIONS = (
					"DEBUG=1",
					"$(inherited)",
				);
				GCC_WARN_64_TO_32_BIT_CONVERSION = YES;
				GCC_WARN_ABOUT_RETURN_TYPE = YES_ERROR;
				GCC_WARN_UNDECLARED_SELECTOR = YES;
				GCC_WARN_UNINITIALIZED_AUTOS = YES_AGGRESSIVE;
				GCC_WARN_UNUSED_FUNCTION = YES;
				GCC_WARN_UNUSED_VARIABLE = YES;
				IPHONEOS_DEPLOYMENT_TARGET = 15.5;
				MTL_ENABLE_DEBUG_INFO = INCLUDE_SOURCE;
				MTL_FAST_MATH = YES;
				ONLY_ACTIVE_ARCH = YES;
				SDKROOT = iphoneos;
				SWIFT_ACTIVE_COMPILATION_CONDITIONS = DEBUG;
				SWIFT_OPTIMIZATION_LEVEL = "-Onone";
			};
			name = Debug;
		};
		AF138EB728AB9EF500DFBE79 /* Release */ = {
			isa = XCBuildConfiguration;
			buildSettings = {
				ALWAYS_SEARCH_USER_PATHS = NO;
				CLANG_ANALYZER_NONNULL = YES;
				CLANG_ANALYZER_NUMBER_OBJECT_CONVERSION = YES_AGGRESSIVE;
				CLANG_CXX_LANGUAGE_STANDARD = "gnu++17";
				CLANG_ENABLE_MODULES = YES;
				CLANG_ENABLE_OBJC_ARC = YES;
				CLANG_ENABLE_OBJC_WEAK = YES;
				CLANG_WARN_BLOCK_CAPTURE_AUTORELEASING = YES;
				CLANG_WARN_BOOL_CONVERSION = YES;
				CLANG_WARN_COMMA = YES;
				CLANG_WARN_CONSTANT_CONVERSION = YES;
				CLANG_WARN_DEPRECATED_OBJC_IMPLEMENTATIONS = YES;
				CLANG_WARN_DIRECT_OBJC_ISA_USAGE = YES_ERROR;
				CLANG_WARN_DOCUMENTATION_COMMENTS = YES;
				CLANG_WARN_EMPTY_BODY = YES;
				CLANG_WARN_ENUM_CONVERSION = YES;
				CLANG_WARN_INFINITE_RECURSION = YES;
				CLANG_WARN_INT_CONVERSION = YES;
				CLANG_WARN_NON_LITERAL_NULL_CONVERSION = YES;
				CLANG_WARN_OBJC_IMPLICIT_RETAIN_SELF = YES;
				CLANG_WARN_OBJC_LITERAL_CONVERSION = YES;
				CLANG_WARN_OBJC_ROOT_CLASS = YES_ERROR;
				CLANG_WARN_QUOTED_INCLUDE_IN_FRAMEWORK_HEADER = YES;
				CLANG_WARN_RANGE_LOOP_ANALYSIS = YES;
				CLANG_WARN_STRICT_PROTOTYPES = YES;
				CLANG_WARN_SUSPICIOUS_MOVE = YES;
				CLANG_WARN_UNGUARDED_AVAILABILITY = YES_AGGRESSIVE;
				CLANG_WARN_UNREACHABLE_CODE = YES;
				CLANG_WARN__DUPLICATE_METHOD_MATCH = YES;
				COPY_PHASE_STRIP = NO;
				DEBUG_INFORMATION_FORMAT = "dwarf-with-dsym";
				ENABLE_NS_ASSERTIONS = NO;
				ENABLE_STRICT_OBJC_MSGSEND = YES;
				GCC_C_LANGUAGE_STANDARD = gnu11;
				GCC_NO_COMMON_BLOCKS = YES;
				GCC_WARN_64_TO_32_BIT_CONVERSION = YES;
				GCC_WARN_ABOUT_RETURN_TYPE = YES_ERROR;
				GCC_WARN_UNDECLARED_SELECTOR = YES;
				GCC_WARN_UNINITIALIZED_AUTOS = YES_AGGRESSIVE;
				GCC_WARN_UNUSED_FUNCTION = YES;
				GCC_WARN_UNUSED_VARIABLE = YES;
				IPHONEOS_DEPLOYMENT_TARGET = 15.5;
				MTL_ENABLE_DEBUG_INFO = NO;
				MTL_FAST_MATH = YES;
				SDKROOT = iphoneos;
				SWIFT_COMPILATION_MODE = wholemodule;
				SWIFT_OPTIMIZATION_LEVEL = "-O";
				VALIDATE_PRODUCT = YES;
			};
			name = Release;
		};
		AF138EB928AB9EF500DFBE79 /* Debug */ = {
			isa = XCBuildConfiguration;
			baseConfigurationReference = 3F9E5D54C38FAE2CB347F369 /* Pods-NCMusic.debug.xcconfig */;
			buildSettings = {
				ASSETCATALOG_COMPILER_APPICON_NAME = AppIcon;
				ASSETCATALOG_COMPILER_GLOBAL_ACCENT_COLOR_NAME = AccentColor;
				CODE_SIGN_STYLE = Automatic;
				CURRENT_PROJECT_VERSION = 1;
				DEVELOPMENT_TEAM = EJ429UWLN6;
				GENERATE_INFOPLIST_FILE = YES;
				INFOPLIST_FILE = NCMusic/Info.plist;
				INFOPLIST_KEY_UIApplicationSupportsIndirectInputEvents = YES;
				INFOPLIST_KEY_UILaunchStoryboardName = LaunchScreen;
				INFOPLIST_KEY_UIMainStoryboardFile = Main;
				INFOPLIST_KEY_UISupportedInterfaceOrientations = UIInterfaceOrientationPortrait;
				INFOPLIST_KEY_UISupportedInterfaceOrientations_iPad = "UIInterfaceOrientationPortrait UIInterfaceOrientationPortraitUpsideDown UIInterfaceOrientationLandscapeLeft UIInterfaceOrientationLandscapeRight";
				INFOPLIST_KEY_UISupportedInterfaceOrientations_iPhone = "UIInterfaceOrientationPortrait UIInterfaceOrientationLandscapeLeft UIInterfaceOrientationLandscapeRight";
				IPHONEOS_DEPLOYMENT_TARGET = 13.0;
				LD_RUNPATH_SEARCH_PATHS = (
					"$(inherited)",
					"@executable_path/Frameworks",
				);
				MARKETING_VERSION = 1.0;
				PRODUCT_BUNDLE_IDENTIFIER = nazimai.NCMusic;
				PRODUCT_NAME = "$(TARGET_NAME)";
				SWIFT_EMIT_LOC_STRINGS = YES;
				SWIFT_OBJC_BRIDGING_HEADER = "";
				SWIFT_VERSION = 5.0;
				TARGETED_DEVICE_FAMILY = "1,2";
			};
			name = Debug;
		};
		AF138EBA28AB9EF500DFBE79 /* Release */ = {
			isa = XCBuildConfiguration;
			baseConfigurationReference = 4B12ECCCC08893E0CF586582 /* Pods-NCMusic.release.xcconfig */;
			buildSettings = {
				ASSETCATALOG_COMPILER_APPICON_NAME = AppIcon;
				ASSETCATALOG_COMPILER_GLOBAL_ACCENT_COLOR_NAME = AccentColor;
				CODE_SIGN_STYLE = Automatic;
				CURRENT_PROJECT_VERSION = 1;
				DEVELOPMENT_TEAM = EJ429UWLN6;
				GENERATE_INFOPLIST_FILE = YES;
				INFOPLIST_FILE = NCMusic/Info.plist;
				INFOPLIST_KEY_UIApplicationSupportsIndirectInputEvents = YES;
				INFOPLIST_KEY_UILaunchStoryboardName = LaunchScreen;
				INFOPLIST_KEY_UIMainStoryboardFile = Main;
				INFOPLIST_KEY_UISupportedInterfaceOrientations = UIInterfaceOrientationPortrait;
				INFOPLIST_KEY_UISupportedInterfaceOrientations_iPad = "UIInterfaceOrientationPortrait UIInterfaceOrientationPortraitUpsideDown UIInterfaceOrientationLandscapeLeft UIInterfaceOrientationLandscapeRight";
				INFOPLIST_KEY_UISupportedInterfaceOrientations_iPhone = "UIInterfaceOrientationPortrait UIInterfaceOrientationLandscapeLeft UIInterfaceOrientationLandscapeRight";
				IPHONEOS_DEPLOYMENT_TARGET = 13.0;
				LD_RUNPATH_SEARCH_PATHS = (
					"$(inherited)",
					"@executable_path/Frameworks",
				);
				MARKETING_VERSION = 1.0;
				PRODUCT_BUNDLE_IDENTIFIER = nazimai.NCMusic;
				PRODUCT_NAME = "$(TARGET_NAME)";
				SWIFT_EMIT_LOC_STRINGS = YES;
				SWIFT_OBJC_BRIDGING_HEADER = "";
				SWIFT_VERSION = 5.0;
				TARGETED_DEVICE_FAMILY = "1,2";
			};
			name = Release;
		};
		AF138EBC28AB9EF500DFBE79 /* Debug */ = {
			isa = XCBuildConfiguration;
			baseConfigurationReference = 44D53EEFBD7F5E898ADD1257 /* Pods-NCMusicTests.debug.xcconfig */;
			buildSettings = {
				ALWAYS_EMBED_SWIFT_STANDARD_LIBRARIES = YES;
				BUNDLE_LOADER = "$(TEST_HOST)";
				CODE_SIGN_STYLE = Automatic;
				CURRENT_PROJECT_VERSION = 1;
				DEVELOPMENT_TEAM = EJ429UWLN6;
				GENERATE_INFOPLIST_FILE = YES;
				IPHONEOS_DEPLOYMENT_TARGET = 15.5;
				MARKETING_VERSION = 1.0;
				PRODUCT_BUNDLE_IDENTIFIER = nazimai.NCMusicTests;
				PRODUCT_NAME = "$(TARGET_NAME)";
				SWIFT_EMIT_LOC_STRINGS = NO;
				SWIFT_VERSION = 5.0;
				TARGETED_DEVICE_FAMILY = "1,2";
				TEST_HOST = "$(BUILT_PRODUCTS_DIR)/NCMusic.app/NCMusic";
			};
			name = Debug;
		};
		AF138EBD28AB9EF500DFBE79 /* Release */ = {
			isa = XCBuildConfiguration;
			baseConfigurationReference = AAFEDF94ED776541B851D6B2 /* Pods-NCMusicTests.release.xcconfig */;
			buildSettings = {
				ALWAYS_EMBED_SWIFT_STANDARD_LIBRARIES = YES;
				BUNDLE_LOADER = "$(TEST_HOST)";
				CODE_SIGN_STYLE = Automatic;
				CURRENT_PROJECT_VERSION = 1;
				DEVELOPMENT_TEAM = EJ429UWLN6;
				GENERATE_INFOPLIST_FILE = YES;
				IPHONEOS_DEPLOYMENT_TARGET = 15.5;
				MARKETING_VERSION = 1.0;
				PRODUCT_BUNDLE_IDENTIFIER = nazimai.NCMusicTests;
				PRODUCT_NAME = "$(TARGET_NAME)";
				SWIFT_EMIT_LOC_STRINGS = NO;
				SWIFT_VERSION = 5.0;
				TARGETED_DEVICE_FAMILY = "1,2";
				TEST_HOST = "$(BUILT_PRODUCTS_DIR)/NCMusic.app/NCMusic";
			};
			name = Release;
		};
		AF138EBF28AB9EF500DFBE79 /* Debug */ = {
			isa = XCBuildConfiguration;
			baseConfigurationReference = A923F09D3824E43DBF27DC04 /* Pods-NCMusic-NCMusicUITests.debug.xcconfig */;
			buildSettings = {
				ALWAYS_EMBED_SWIFT_STANDARD_LIBRARIES = YES;
				CODE_SIGN_STYLE = Automatic;
				CURRENT_PROJECT_VERSION = 1;
				DEVELOPMENT_TEAM = EJ429UWLN6;
				GENERATE_INFOPLIST_FILE = YES;
				MARKETING_VERSION = 1.0;
				PRODUCT_BUNDLE_IDENTIFIER = nazimai.NCMusicUITests;
				PRODUCT_NAME = "$(TARGET_NAME)";
				SWIFT_EMIT_LOC_STRINGS = NO;
				SWIFT_VERSION = 5.0;
				TARGETED_DEVICE_FAMILY = "1,2";
				TEST_TARGET_NAME = NCMusic;
			};
			name = Debug;
		};
		AF138EC028AB9EF500DFBE79 /* Release */ = {
			isa = XCBuildConfiguration;
			baseConfigurationReference = 2107C99C14C7A538BCCCED6D /* Pods-NCMusic-NCMusicUITests.release.xcconfig */;
			buildSettings = {
				ALWAYS_EMBED_SWIFT_STANDARD_LIBRARIES = YES;
				CODE_SIGN_STYLE = Automatic;
				CURRENT_PROJECT_VERSION = 1;
				DEVELOPMENT_TEAM = EJ429UWLN6;
				GENERATE_INFOPLIST_FILE = YES;
				MARKETING_VERSION = 1.0;
				PRODUCT_BUNDLE_IDENTIFIER = nazimai.NCMusicUITests;
				PRODUCT_NAME = "$(TARGET_NAME)";
				SWIFT_EMIT_LOC_STRINGS = NO;
				SWIFT_VERSION = 5.0;
				TARGETED_DEVICE_FAMILY = "1,2";
				TEST_TARGET_NAME = NCMusic;
			};
			name = Release;
		};
/* End XCBuildConfiguration section */

/* Begin XCConfigurationList section */
		AF138E8928AB9EF300DFBE79 /* Build configuration list for PBXProject "NCMusic" */ = {
			isa = XCConfigurationList;
			buildConfigurations = (
				AF138EB628AB9EF500DFBE79 /* Debug */,
				AF138EB728AB9EF500DFBE79 /* Release */,
			);
			defaultConfigurationIsVisible = 0;
			defaultConfigurationName = Release;
		};
		AF138EB828AB9EF500DFBE79 /* Build configuration list for PBXNativeTarget "NCMusic" */ = {
			isa = XCConfigurationList;
			buildConfigurations = (
				AF138EB928AB9EF500DFBE79 /* Debug */,
				AF138EBA28AB9EF500DFBE79 /* Release */,
			);
			defaultConfigurationIsVisible = 0;
			defaultConfigurationName = Release;
		};
		AF138EBB28AB9EF500DFBE79 /* Build configuration list for PBXNativeTarget "NCMusicTests" */ = {
			isa = XCConfigurationList;
			buildConfigurations = (
				AF138EBC28AB9EF500DFBE79 /* Debug */,
				AF138EBD28AB9EF500DFBE79 /* Release */,
			);
			defaultConfigurationIsVisible = 0;
			defaultConfigurationName = Release;
		};
		AF138EBE28AB9EF500DFBE79 /* Build configuration list for PBXNativeTarget "NCMusicUITests" */ = {
			isa = XCConfigurationList;
			buildConfigurations = (
				AF138EBF28AB9EF500DFBE79 /* Debug */,
				AF138EC028AB9EF500DFBE79 /* Release */,
			);
			defaultConfigurationIsVisible = 0;
			defaultConfigurationName = Release;
		};
/* End XCConfigurationList section */
	};
	rootObject = AF138E8628AB9EF300DFBE79 /* Project object */;
}
